# This file is generated by running "yarn install" inside your project.
# Manual changes might be lost - proceed with caution!

__metadata:
  version: 8
  cacheKey: 10c0

"@lage-run/benchmark@workspace:.":
  version: 0.0.0-use.local
  resolution: "@lage-run/benchmark@workspace:."
  dependencies:
    array-differ: "npm:^4.0.0"
    execa: "npm:^9.3.0"
    fast-glob: "npm:^3.3.2"
    glob-hasher: "npm:^1.4.2"
    globby: "npm:^14.0.1"
    micromatch: "npm:^4.0.7"
    multimatch: "npm:^7.0.0"
    workspace-tools: "npm:^0.38.0"
  languageName: unknown
  linkType: soft

"@nodelib/fs.scandir@npm:2.1.5":
  version: 2.1.5
  resolution: "@nodelib/fs.scandir@npm:2.1.5"
  dependencies:
    "@nodelib/fs.stat": "npm:2.0.5"
    run-parallel: "npm:^1.1.9"
  checksum: 10c0/732c3b6d1b1e967440e65f284bd06e5821fedf10a1bea9ed2bb75956ea1f30e08c44d3def9d6a230666574edbaf136f8cfd319c14fd1f87c66e6a44449afb2eb
  languageName: node
  linkType: hard

"@nodelib/fs.stat@npm:2.0.5, @nodelib/fs.stat@npm:^2.0.2":
  version: 2.0.5
  resolution: "@nodelib/fs.stat@npm:2.0.5"
  checksum: 10c0/88dafe5e3e29a388b07264680dc996c17f4bda48d163a9d4f5c1112979f0ce8ec72aa7116122c350b4e7976bc5566dc3ddb579be1ceaacc727872eb4ed93926d
  languageName: node
  linkType: hard

"@nodelib/fs.walk@npm:^1.2.3":
  version: 1.2.8
  resolution: "@nodelib/fs.walk@npm:1.2.8"
  dependencies:
    "@nodelib/fs.scandir": "npm:2.1.5"
    fastq: "npm:^1.6.0"
  checksum: 10c0/db9de047c3bb9b51f9335a7bb46f4fcfb6829fb628318c12115fbaf7d369bfce71c15b103d1fc3b464812d936220ee9bc1c8f762d032c9f6be9acc99249095b1
  languageName: node
  linkType: hard

"@sec-ant/readable-stream@npm:^0.4.1":
  version: 0.4.1
  resolution: "@sec-ant/readable-stream@npm:0.4.1"
  checksum: 10c0/64e9e9cf161e848067a5bf60cdc04d18495dc28bb63a8d9f8993e4dd99b91ad34e4b563c85de17d91ffb177ec17a0664991d2e115f6543e73236a906068987af
  languageName: node
  linkType: hard

"@sindresorhus/merge-streams@npm:^2.1.0":
  version: 2.3.0
  resolution: "@sindresorhus/merge-streams@npm:2.3.0"
  checksum: 10c0/69ee906f3125fb2c6bb6ec5cdd84e8827d93b49b3892bce8b62267116cc7e197b5cccf20c160a1d32c26014ecd14470a72a5e3ee37a58f1d6dadc0db1ccf3894
  languageName: node
  linkType: hard

"@sindresorhus/merge-streams@npm:^4.0.0":
  version: 4.0.0
  resolution: "@sindresorhus/merge-streams@npm:4.0.0"
  checksum: 10c0/482ee543629aa1933b332f811a1ae805a213681ecdd98c042b1c1b89387df63e7812248bb4df3910b02b3cc5589d3d73e4393f30e197c9dde18046ccd471fc6b
  languageName: node
  linkType: hard

"@yarnpkg/lockfile@npm:^1.1.0":
  version: 1.1.0
  resolution: "@yarnpkg/lockfile@npm:1.1.0"
  checksum: 10c0/0bfa50a3d756623d1f3409bc23f225a1d069424dbc77c6fd2f14fb377390cd57ec703dc70286e081c564be9051ead9ba85d81d66a3e68eeb6eb506d4e0c0fbda
  languageName: node
  linkType: hard

"argparse@npm:^2.0.1":
  version: 2.0.1
  resolution: "argparse@npm:2.0.1"
  checksum: 10c0/c5640c2d89045371c7cedd6a70212a04e360fd34d6edeae32f6952c63949e3525ea77dbec0289d8213a99bbaeab5abfa860b5c12cf88a2e6cf8106e90dd27a7e
  languageName: node
  linkType: hard

"array-differ@npm:^4.0.0":
  version: 4.0.0
  resolution: "array-differ@npm:4.0.0"
  checksum: 10c0/72c035c505a7629d2983827a16654d73db6a9a2d6340ba9d0803aed516f46a202f3b7042c5a4a57534952f7477ca5394f3b65ecb9be5192e5d269f445f066d75
  languageName: node
  linkType: hard

"array-union@npm:^2.1.0":
  version: 2.1.0
  resolution: "array-union@npm:2.1.0"
  checksum: 10c0/429897e68110374f39b771ec47a7161fc6a8fc33e196857c0a396dc75df0b5f65e4d046674db764330b6bb66b39ef48dd7c53b6a2ee75cfb0681e0c1a7033962
  languageName: node
  linkType: hard

"array-union@npm:^3.0.1":
  version: 3.0.1
  resolution: "array-union@npm:3.0.1"
  checksum: 10c0/b5271d7e5688d2d1932928b271796dbbddc422448557ab05ef6f34a9f84fb645eb855384feec6234bf59c226053a0e21b8a00b0e6cd588874b90a5c13dbeb64e
  languageName: node
  linkType: hard

"balanced-match@npm:^1.0.0":
  version: 1.0.2
  resolution: "balanced-match@npm:1.0.2"
  checksum: 10c0/9308baf0a7e4838a82bbfd11e01b1cb0f0cf2893bc1676c27c2a8c0e70cbae1c59120c3268517a8ae7fb6376b4639ef81ca22582611dbee4ed28df945134aaee
  languageName: node
  linkType: hard

"brace-expansion@npm:^2.0.1":
  version: 2.0.1
  resolution: "brace-expansion@npm:2.0.1"
  dependencies:
    balanced-match: "npm:^1.0.0"
  checksum: 10c0/b358f2fe060e2d7a87aa015979ecea07f3c37d4018f8d6deb5bd4c229ad3a0384fe6029bb76cd8be63c81e516ee52d1a0673edbe2023d53a5191732ae3c3e49f
  languageName: node
  linkType: hard

"braces@npm:^3.0.3":
  version: 3.0.3
  resolution: "braces@npm:3.0.3"
  dependencies:
    fill-range: "npm:^7.1.1"
  checksum: 10c0/7c6dfd30c338d2997ba77500539227b9d1f85e388a5f43220865201e407e076783d0881f2d297b9f80951b4c957fcf0b51c1d2d24227631643c3f7c284b0aa04
  languageName: node
  linkType: hard

"cross-spawn@npm:^7.0.3":
  version: 7.0.6
  resolution: "cross-spawn@npm:7.0.6"
  dependencies:
    path-key: "npm:^3.1.0"
    shebang-command: "npm:^2.0.0"
    which: "npm:^2.0.1"
  checksum: 10c0/053ea8b2135caff68a9e81470e845613e374e7309a47731e81639de3eaeb90c3d01af0e0b44d2ab9d50b43467223b88567dfeb3262db942dc063b9976718ffc1
  languageName: node
  linkType: hard

"dir-glob@npm:^3.0.1":
  version: 3.0.1
  resolution: "dir-glob@npm:3.0.1"
  dependencies:
    path-type: "npm:^4.0.0"
  checksum: 10c0/dcac00920a4d503e38bb64001acb19df4efc14536ada475725e12f52c16777afdee4db827f55f13a908ee7efc0cb282e2e3dbaeeb98c0993dd93d1802d3bf00c
  languageName: node
  linkType: hard

"execa@npm:^9.3.0":
  version: 9.5.2
  resolution: "execa@npm:9.5.2"
  dependencies:
    "@sindresorhus/merge-streams": "npm:^4.0.0"
    cross-spawn: "npm:^7.0.3"
    figures: "npm:^6.1.0"
    get-stream: "npm:^9.0.0"
    human-signals: "npm:^8.0.0"
    is-plain-obj: "npm:^4.1.0"
    is-stream: "npm:^4.0.1"
    npm-run-path: "npm:^6.0.0"
    pretty-ms: "npm:^9.0.0"
    signal-exit: "npm:^4.1.0"
    strip-final-newline: "npm:^4.0.0"
    yoctocolors: "npm:^2.0.0"
  checksum: 10c0/94782a6282e03253224406c29068d18f9095cc251a45d1f19ac3d8f2a9db2cbe32fb8ceb039db1451d8fce3531135a6c0c559f76d634f85416268fc4a6995365
  languageName: node
  linkType: hard

"fast-glob@npm:^3.2.9, fast-glob@npm:^3.3.1, fast-glob@npm:^3.3.2, fast-glob@npm:^3.3.3":
  version: 3.3.3
  resolution: "fast-glob@npm:3.3.3"
  dependencies:
    "@nodelib/fs.stat": "npm:^2.0.2"
    "@nodelib/fs.walk": "npm:^1.2.3"
    glob-parent: "npm:^5.1.2"
    merge2: "npm:^1.3.0"
    micromatch: "npm:^4.0.8"
  checksum: 10c0/f6aaa141d0d3384cf73cbcdfc52f475ed293f6d5b65bfc5def368b09163a9f7e5ec2b3014d80f733c405f58e470ee0cc451c2937685045cddcdeaa24199c43fe
  languageName: node
  linkType: hard

"fastq@npm:^1.6.0":
  version: 1.19.1
  resolution: "fastq@npm:1.19.1"
  dependencies:
    reusify: "npm:^1.0.4"
  checksum: 10c0/ebc6e50ac7048daaeb8e64522a1ea7a26e92b3cee5cd1c7f2316cdca81ba543aa40a136b53891446ea5c3a67ec215fbaca87ad405f102dd97012f62916905630
  languageName: node
  linkType: hard

"figures@npm:^6.1.0":
  version: 6.1.0
  resolution: "figures@npm:6.1.0"
  dependencies:
    is-unicode-supported: "npm:^2.0.0"
  checksum: 10c0/9159df4264d62ef447a3931537de92f5012210cf5135c35c010df50a2169377581378149abfe1eb238bd6acbba1c0d547b1f18e0af6eee49e30363cedaffcfe4
  languageName: node
  linkType: hard

"fill-range@npm:^7.1.1":
  version: 7.1.1
  resolution: "fill-range@npm:7.1.1"
  dependencies:
    to-regex-range: "npm:^5.0.1"
  checksum: 10c0/b75b691bbe065472f38824f694c2f7449d7f5004aa950426a2c28f0306c60db9b880c0b0e4ed819997ffb882d1da02cfcfc819bddc94d71627f5269682edf018
  languageName: node
  linkType: hard

"get-stream@npm:^9.0.0":
  version: 9.0.1
  resolution: "get-stream@npm:9.0.1"
  dependencies:
    "@sec-ant/readable-stream": "npm:^0.4.1"
    is-stream: "npm:^4.0.1"
  checksum: 10c0/d70e73857f2eea1826ac570c3a912757dcfbe8a718a033fa0c23e12ac8e7d633195b01710e0559af574cbb5af101009b42df7b6f6b29ceec8dbdf7291931b948
  languageName: node
  linkType: hard

"git-up@npm:^7.0.0":
  version: 7.0.0
  resolution: "git-up@npm:7.0.0"
  dependencies:
    is-ssh: "npm:^1.4.0"
    parse-url: "npm:^8.1.0"
  checksum: 10c0/a3fa02e1a63c7c824b5ebbf23f4a9a6b34dd80031114c5dd8adb7ef53493642e39d3d80dfef4025a452128400c35c2c138d20a0f6ae5d7d7ef70d9ba13083d34
  languageName: node
  linkType: hard

"git-url-parse@npm:^13.0.0":
  version: 13.1.1
  resolution: "git-url-parse@npm:13.1.1"
  dependencies:
    git-up: "npm:^7.0.0"
  checksum: 10c0/9304e6fbc1a6acf5e351e84ad87574fa6b840ccbe531afbbce9ba38e01fcacf6adf386ef7593daa037da59d9fd43b5d7c5232d5648638f8301cc2f18d00ad386
  languageName: node
  linkType: hard

"glob-hasher-darwin-arm64@npm:1.4.2":
  version: 1.4.2
  resolution: "glob-hasher-darwin-arm64@npm:1.4.2"
  conditions: os=darwin & cpu=arm64
  languageName: node
  linkType: hard

"glob-hasher-darwin-x64@npm:1.4.2":
  version: 1.4.2
  resolution: "glob-hasher-darwin-x64@npm:1.4.2"
  conditions: os=darwin & cpu=x64
  languageName: node
  linkType: hard

"glob-hasher-linux-x64-gnu@npm:1.4.2":
  version: 1.4.2
  resolution: "glob-hasher-linux-x64-gnu@npm:1.4.2"
  conditions: os=linux & cpu=x64 & libc=glibc
  languageName: node
  linkType: hard

"glob-hasher-win32-arm64-msvc@npm:1.4.2":
  version: 1.4.2
  resolution: "glob-hasher-win32-arm64-msvc@npm:1.4.2"
  conditions: os=win32 & cpu=arm64
  languageName: node
  linkType: hard

"glob-hasher-win32-x64-msvc@npm:1.4.2":
  version: 1.4.2
  resolution: "glob-hasher-win32-x64-msvc@npm:1.4.2"
  conditions: os=win32 & cpu=x64
  languageName: node
  linkType: hard

"glob-hasher@npm:^1.4.2":
  version: 1.4.2
  resolution: "glob-hasher@npm:1.4.2"
  dependencies:
    glob-hasher-darwin-arm64: "npm:1.4.2"
    glob-hasher-darwin-x64: "npm:1.4.2"
    glob-hasher-linux-x64-gnu: "npm:1.4.2"
    glob-hasher-win32-arm64-msvc: "npm:1.4.2"
    glob-hasher-win32-x64-msvc: "npm:1.4.2"
  dependenciesMeta:
    glob-hasher-darwin-arm64:
      optional: true
    glob-hasher-darwin-x64:
      optional: true
    glob-hasher-linux-x64-gnu:
      optional: true
    glob-hasher-win32-arm64-msvc:
      optional: true
    glob-hasher-win32-x64-msvc:
      optional: true
  checksum: 10c0/a600dad933a163484cec5e9743831a2523911076a6b15ebdd6e9dd66a7b2c38388998ca844aa0d886627ed1c436014ab10344bf22f40e2d8b95f15b91065422d
  languageName: node
  linkType: hard

"glob-parent@npm:^5.1.2":
  version: 5.1.2
  resolution: "glob-parent@npm:5.1.2"
  dependencies:
    is-glob: "npm:^4.0.1"
  checksum: 10c0/cab87638e2112bee3f839ef5f6e0765057163d39c66be8ec1602f3823da4692297ad4e972de876ea17c44d652978638d2fd583c6713d0eb6591706825020c9ee
  languageName: node
  linkType: hard

"globby@npm:^11.0.0":
  version: 11.1.0
  resolution: "globby@npm:11.1.0"
  dependencies:
    array-union: "npm:^2.1.0"
    dir-glob: "npm:^3.0.1"
    fast-glob: "npm:^3.2.9"
    ignore: "npm:^5.2.0"
    merge2: "npm:^1.4.1"
    slash: "npm:^3.0.0"
  checksum: 10c0/b39511b4afe4bd8a7aead3a27c4ade2b9968649abab0a6c28b1a90141b96ca68ca5db1302f7c7bd29eab66bf51e13916b8e0a3d0ac08f75e1e84a39b35691189
  languageName: node
  linkType: hard

"globby@npm:^14.0.1":
  version: 14.1.0
  resolution: "globby@npm:14.1.0"
  dependencies:
    "@sindresorhus/merge-streams": "npm:^2.1.0"
    fast-glob: "npm:^3.3.3"
    ignore: "npm:^7.0.3"
    path-type: "npm:^6.0.0"
    slash: "npm:^5.1.0"
    unicorn-magic: "npm:^0.3.0"
  checksum: 10c0/527a1063c5958255969620c6fa4444a2b2e9278caddd571d46dfbfa307cb15977afb746e84d682ba5b6c94fc081e8997f80ff05dd235441ba1cb16f86153e58e
  languageName: node
  linkType: hard

"human-signals@npm:^8.0.0":
  version: 8.0.1
  resolution: "human-signals@npm:8.0.1"
  checksum: 10c0/195ac607108c56253757717242e17cd2e21b29f06c5d2dad362e86c672bf2d096e8a3bbb2601841c376c2301c4ae7cff129e87f740aa4ebff1390c163114c7c4
  languageName: node
  linkType: hard

"ignore@npm:^5.2.0":
  version: 5.3.2
  resolution: "ignore@npm:5.3.2"
  checksum: 10c0/f9f652c957983634ded1e7f02da3b559a0d4cc210fca3792cb67f1b153623c9c42efdc1c4121af171e295444459fc4a9201101fb041b1104a3c000bccb188337
  languageName: node
  linkType: hard

"ignore@npm:^7.0.3":
  version: 7.0.3
  resolution: "ignore@npm:7.0.3"
  checksum: 10c0/8e21637513cbcd888a4873d34d5c651a2e24b3c4c9a6b159335a26bed348c3c386c51d6fab23577f59140e1b226323138fbd50e63882d4568fd12aa6c822029e
  languageName: node
  linkType: hard

"is-extglob@npm:^2.1.1":
  version: 2.1.1
  resolution: "is-extglob@npm:2.1.1"
  checksum: 10c0/5487da35691fbc339700bbb2730430b07777a3c21b9ebaecb3072512dfd7b4ba78ac2381a87e8d78d20ea08affb3f1971b4af629173a6bf435ff8a4c47747912
  languageName: node
  linkType: hard

"is-glob@npm:^4.0.1":
  version: 4.0.3
  resolution: "is-glob@npm:4.0.3"
  dependencies:
    is-extglob: "npm:^2.1.1"
  checksum: 10c0/17fb4014e22be3bbecea9b2e3a76e9e34ff645466be702f1693e8f1ee1adac84710d0be0bd9f967d6354036fd51ab7c2741d954d6e91dae6bb69714de92c197a
  languageName: node
  linkType: hard

"is-number@npm:^7.0.0":
  version: 7.0.0
  resolution: "is-number@npm:7.0.0"
  checksum: 10c0/b4686d0d3053146095ccd45346461bc8e53b80aeb7671cc52a4de02dbbf7dc0d1d2a986e2fe4ae206984b4d34ef37e8b795ebc4f4295c978373e6575e295d811
  languageName: node
  linkType: hard

"is-plain-obj@npm:^4.1.0":
  version: 4.1.0
  resolution: "is-plain-obj@npm:4.1.0"
  checksum: 10c0/32130d651d71d9564dc88ba7e6fda0e91a1010a3694648e9f4f47bb6080438140696d3e3e15c741411d712e47ac9edc1a8a9de1fe76f3487b0d90be06ac9975e
  languageName: node
  linkType: hard

"is-ssh@npm:^1.4.0":
  version: 1.4.1
  resolution: "is-ssh@npm:1.4.1"
  dependencies:
    protocols: "npm:^2.0.1"
  checksum: 10c0/021a7355cb032625d58db3cc8266ad9aa698cbabf460b71376a0307405577fd7d3aa0826c0bf1951d7809f134c0ee80403306f6d7633db94a5a3600a0106b398
  languageName: node
  linkType: hard

"is-stream@npm:^4.0.1":
  version: 4.0.1
  resolution: "is-stream@npm:4.0.1"
  checksum: 10c0/2706c7f19b851327ba374687bc4a3940805e14ca496dc672b9629e744d143b1ad9c6f1b162dece81c7bfbc0f83b32b61ccc19ad2e05aad2dd7af347408f60c7f
  languageName: node
  linkType: hard

"is-unicode-supported@npm:^2.0.0":
  version: 2.1.0
  resolution: "is-unicode-supported@npm:2.1.0"
  checksum: 10c0/a0f53e9a7c1fdbcf2d2ef6e40d4736fdffff1c9f8944c75e15425118ff3610172c87bf7bc6c34d3903b04be59790bb2212ddbe21ee65b5a97030fc50370545a5
  languageName: node
  linkType: hard

"isexe@npm:^2.0.0":
  version: 2.0.0
  resolution: "isexe@npm:2.0.0"
  checksum: 10c0/228cfa503fadc2c31596ab06ed6aa82c9976eec2bfd83397e7eaf06d0ccf42cd1dfd6743bf9aeb01aebd4156d009994c5f76ea898d2832c1fe342da923ca457d
  languageName: node
  linkType: hard

"jju@npm:^1.4.0":
  version: 1.4.0
  resolution: "jju@npm:1.4.0"
  checksum: 10c0/f3f444557e4364cfc06b1abf8331bf3778b26c0c8552ca54429bc0092652172fdea26cbffe33e1017b303d5aa506f7ede8571857400efe459cb7439180e2acad
  languageName: node
  linkType: hard

"js-yaml@npm:^4.1.0":
  version: 4.1.0
  resolution: "js-yaml@npm:4.1.0"
  dependencies:
    argparse: "npm:^2.0.1"
  bin:
    js-yaml: bin/js-yaml.js
  checksum: 10c0/184a24b4eaacfce40ad9074c64fd42ac83cf74d8c8cd137718d456ced75051229e5061b8633c3366b8aada17945a7a356b337828c19da92b51ae62126575018f
  languageName: node
  linkType: hard

"merge2@npm:^1.3.0, merge2@npm:^1.4.1":
  version: 1.4.1
  resolution: "merge2@npm:1.4.1"
  checksum: 10c0/254a8a4605b58f450308fc474c82ac9a094848081bf4c06778200207820e5193726dc563a0d2c16468810516a5c97d9d3ea0ca6585d23c58ccfff2403e8dbbeb
  languageName: node
  linkType: hard

"micromatch@npm:^4.0.0, micromatch@npm:^4.0.7, micromatch@npm:^4.0.8":
  version: 4.0.8
  resolution: "micromatch@npm:4.0.8"
  dependencies:
    braces: "npm:^3.0.3"
    picomatch: "npm:^2.3.1"
  checksum: 10c0/166fa6eb926b9553f32ef81f5f531d27b4ce7da60e5baf8c021d043b27a388fb95e46a8038d5045877881e673f8134122b59624d5cecbd16eb50a42e7a6b5ca8
  languageName: node
  linkType: hard

"minimatch@npm:^9.0.3":
  version: 9.0.5
  resolution: "minimatch@npm:9.0.5"
  dependencies:
    brace-expansion: "npm:^2.0.1"
  checksum: 10c0/de96cf5e35bdf0eab3e2c853522f98ffbe9a36c37797778d2665231ec1f20a9447a7e567cb640901f89e4daaa95ae5d70c65a9e8aa2bb0019b6facbc3c0575ed
  languageName: node
  linkType: hard

"multimatch@npm:^7.0.0":
  version: 7.0.0
  resolution: "multimatch@npm:7.0.0"
  dependencies:
    array-differ: "npm:^4.0.0"
    array-union: "npm:^3.0.1"
    minimatch: "npm:^9.0.3"
  checksum: 10c0/ce5b6e8a8d114830dd621b128a4a5364792bab281d861e68c7d719d2c04e8f9a4a0a566b37cbbc0a3cbaa0a62eb50e869c9d43ab439a314186b113a34c91a9c7
  languageName: node
  linkType: hard

"npm-run-path@npm:^6.0.0":
  version: 6.0.0
  resolution: "npm-run-path@npm:6.0.0"
  dependencies:
    path-key: "npm:^4.0.0"
    unicorn-magic: "npm:^0.3.0"
  checksum: 10c0/b223c8a0dcd608abf95363ea5c3c0ccc3cd877daf0102eaf1b0f2390d6858d8337fbb7c443af2403b067a7d2c116d10691ecd22ab3c5273c44da1ff8d07753bd
  languageName: node
  linkType: hard

"parse-ms@npm:^4.0.0":
  version: 4.0.0
  resolution: "parse-ms@npm:4.0.0"
  checksum: 10c0/a7900f4f1ebac24cbf5e9708c16fb2fd482517fad353aecd7aefb8c2ba2f85ce017913ccb8925d231770404780df46244ea6fec598b3bde6490882358b4d2d16
  languageName: node
  linkType: hard

"parse-path@npm:^7.0.0":
  version: 7.0.1
  resolution: "parse-path@npm:7.0.1"
  dependencies:
    protocols: "npm:^2.0.0"
  checksum: 10c0/687804bbd216bf45f3942a5a0a3cd74da0eb9cdaf40d32020fa05a590b3c84c985bab0dc18cb13569db4cf3294c560d3a657be06698c323b32423210e488164b
  languageName: node
  linkType: hard

"parse-url@npm:^8.1.0":
  version: 8.1.0
  resolution: "parse-url@npm:8.1.0"
  dependencies:
    parse-path: "npm:^7.0.0"
  checksum: 10c0/68b95afdf4bbf72e57c7ab66f8757c935fff888f7e2b0f1e06098b4faa19e06b6b743bddaed5bc8df4f0c2de6fc475355d787373b2fdd40092be9e4e4b996648
  languageName: node
  linkType: hard

"path-key@npm:^3.1.0":
  version: 3.1.1
  resolution: "path-key@npm:3.1.1"
  checksum: 10c0/748c43efd5a569c039d7a00a03b58eecd1d75f3999f5a28303d75f521288df4823bc057d8784eb72358b2895a05f29a070bc9f1f17d28226cc4e62494cc58c4c
  languageName: node
  linkType: hard

"path-key@npm:^4.0.0":
  version: 4.0.0
  resolution: "path-key@npm:4.0.0"
  checksum: 10c0/794efeef32863a65ac312f3c0b0a99f921f3e827ff63afa5cb09a377e202c262b671f7b3832a4e64731003fa94af0263713962d317b9887bd1e0c48a342efba3
  languageName: node
  linkType: hard

"path-type@npm:^4.0.0":
  version: 4.0.0
  resolution: "path-type@npm:4.0.0"
  checksum: 10c0/666f6973f332f27581371efaf303fd6c272cc43c2057b37aa99e3643158c7e4b2626549555d88626e99ea9e046f82f32e41bbde5f1508547e9a11b149b52387c
  languageName: node
  linkType: hard

"path-type@npm:^6.0.0":
  version: 6.0.0
  resolution: "path-type@npm:6.0.0"
  checksum: 10c0/55baa8b1187d6dc683d5a9cfcc866168d6adff58e5db91126795376d818eee46391e00b2a4d53e44d844c7524a7d96aa68cc68f4f3e500d3d069a39e6535481c
  languageName: node
  linkType: hard

"picomatch@npm:^2.3.1":
  version: 2.3.1
  resolution: "picomatch@npm:2.3.1"
  checksum: 10c0/26c02b8d06f03206fc2ab8d16f19960f2ff9e81a658f831ecb656d8f17d9edc799e8364b1f4a7873e89d9702dff96204be0fa26fe4181f6843f040f819dac4be
  languageName: node
  linkType: hard

"pretty-ms@npm:^9.0.0":
  version: 9.2.0
  resolution: "pretty-ms@npm:9.2.0"
  dependencies:
    parse-ms: "npm:^4.0.0"
  checksum: 10c0/ab6d066f90e9f77020426986e1b018369f41575674544c539aabec2e63a20fec01166d8cf6571d0e165ad11cfe5a8134a2a48a36d42ab291c59c6deca5264cbb
  languageName: node
  linkType: hard

"protocols@npm:^2.0.0, protocols@npm:^2.0.1":
  version: 2.0.2
  resolution: "protocols@npm:2.0.2"
  checksum: 10c0/b87d78c1fcf038d33691da28447ce94011d5c7f0c7fd25bcb5fb4d975991c99117873200c84f4b6a9d7f8b9092713a064356236960d1473a7d6fcd4228897b60
  languageName: node
  linkType: hard

"queue-microtask@npm:^1.2.2":
  version: 1.2.3
  resolution: "queue-microtask@npm:1.2.3"
  checksum: 10c0/900a93d3cdae3acd7d16f642c29a642aea32c2026446151f0778c62ac089d4b8e6c986811076e1ae180a694cedf077d453a11b58ff0a865629a4f82ab558e102
  languageName: node
  linkType: hard

"reusify@npm:^1.0.4":
  version: 1.1.0
  resolution: "reusify@npm:1.1.0"
  checksum: 10c0/4eff0d4a5f9383566c7d7ec437b671cc51b25963bd61bf127c3f3d3f68e44a026d99b8d2f1ad344afff8d278a8fe70a8ea092650a716d22287e8bef7126bb2fa
  languageName: node
  linkType: hard

"run-parallel@npm:^1.1.9":
  version: 1.2.0
  resolution: "run-parallel@npm:1.2.0"
  dependencies:
    queue-microtask: "npm:^1.2.2"
  checksum: 10c0/200b5ab25b5b8b7113f9901bfe3afc347e19bb7475b267d55ad0eb86a62a46d77510cb0f232507c9e5d497ebda569a08a9867d0d14f57a82ad5564d991588b39
  languageName: node
  linkType: hard

"shebang-command@npm:^2.0.0":
  version: 2.0.0
  resolution: "shebang-command@npm:2.0.0"
  dependencies:
    shebang-regex: "npm:^3.0.0"
  checksum: 10c0/a41692e7d89a553ef21d324a5cceb5f686d1f3c040759c50aab69688634688c5c327f26f3ecf7001ebfd78c01f3c7c0a11a7c8bfd0a8bc9f6240d4f40b224e4e
  languageName: node
  linkType: hard

"shebang-regex@npm:^3.0.0":
  version: 3.0.0
  resolution: "shebang-regex@npm:3.0.0"
  checksum: 10c0/1dbed0726dd0e1152a92696c76c7f06084eb32a90f0528d11acd764043aacf76994b2fb30aa1291a21bd019d6699164d048286309a278855ee7bec06cf6fb690
  languageName: node
  linkType: hard

"signal-exit@npm:^4.1.0":
  version: 4.1.0
  resolution: "signal-exit@npm:4.1.0"
  checksum: 10c0/41602dce540e46d599edba9d9860193398d135f7ff72cab629db5171516cfae628d21e7bfccde1bbfdf11c48726bc2a6d1a8fb8701125852fbfda7cf19c6aa83
  languageName: node
  linkType: hard

"slash@npm:^3.0.0":
  version: 3.0.0
  resolution: "slash@npm:3.0.0"
  checksum: 10c0/e18488c6a42bdfd4ac5be85b2ced3ccd0224773baae6ad42cfbb9ec74fc07f9fa8396bd35ee638084ead7a2a0818eb5e7151111544d4731ce843019dab4be47b
  languageName: node
  linkType: hard

"slash@npm:^5.1.0":
  version: 5.1.0
  resolution: "slash@npm:5.1.0"
  checksum: 10c0/eb48b815caf0bdc390d0519d41b9e0556a14380f6799c72ba35caf03544d501d18befdeeef074bc9c052acf69654bc9e0d79d7f1de0866284137a40805299eb3
  languageName: node
  linkType: hard

"strip-final-newline@npm:^4.0.0":
  version: 4.0.0
  resolution: "strip-final-newline@npm:4.0.0"
  checksum: 10c0/b0cf2b62d597a1b0e3ebc42b88767f0a0d45601f89fd379a928a1812c8779440c81abba708082c946445af1d6b62d5f16e2a7cf4f30d9d6587b89425fae801ff
  languageName: node
  linkType: hard

"to-regex-range@npm:^5.0.1":
  version: 5.0.1
  resolution: "to-regex-range@npm:5.0.1"
  dependencies:
    is-number: "npm:^7.0.0"
  checksum: 10c0/487988b0a19c654ff3e1961b87f471702e708fa8a8dd02a298ef16da7206692e8552a0250e8b3e8759270f62e9d8314616f6da274734d3b558b1fc7b7724e892
  languageName: node
  linkType: hard

"unicorn-magic@npm:^0.3.0":
  version: 0.3.0
  resolution: "unicorn-magic@npm:0.3.0"
  checksum: 10c0/0a32a997d6c15f1c2a077a15b1c4ca6f268d574cf5b8975e778bb98e6f8db4ef4e86dfcae4e158cd4c7e38fb4dd383b93b13eefddc7f178dea13d3ac8a603271
  languageName: node
  linkType: hard

"which@npm:^2.0.1":
  version: 2.0.2
  resolution: "which@npm:2.0.2"
  dependencies:
    isexe: "npm:^2.0.0"
  bin:
    node-which: ./bin/node-which
  checksum: 10c0/66522872a768b60c2a65a57e8ad184e5372f5b6a9ca6d5f033d4b0dc98aff63995655a7503b9c0a2598936f532120e81dd8cc155e2e92ed662a2b9377cc4374f
  languageName: node
  linkType: hard

"workspace-tools@npm:^0.38.0":
  version: 0.38.2
  resolution: "workspace-tools@npm:0.38.2"
  dependencies:
    "@yarnpkg/lockfile": "npm:^1.1.0"
    fast-glob: "npm:^3.3.1"
    git-url-parse: "npm:^13.0.0"
    globby: "npm:^11.0.0"
    jju: "npm:^1.4.0"
    js-yaml: "npm:^4.1.0"
    micromatch: "npm:^4.0.0"
  checksum: 10c0/b063ef45bb46d688f310dc0805c106cd07f3863228d71f2a5b94c9c49b8c0df5f6631180c70315c5cddb5d7236c8494748591d0e0614ad79d983fc496f5ea154
  languageName: node
  linkType: hard

"yoctocolors@npm:^2.0.0":
  version: 2.1.1
  resolution: "yoctocolors@npm:2.1.1"
  checksum: 10c0/85903f7fa96f1c70badee94789fade709f9d83dab2ec92753d612d84fcea6d34c772337a9f8914c6bed2f5fc03a428ac5d893e76fab636da5f1236ab725486d0
  languageName: node
  linkType: hard
